{
  "version": "5",
  "redirects": {
    "https://esm.sh/@supabase/functions-js@^2.1.5?target=denonext": "https://esm.sh/@supabase/functions-js@2.103.3?target=denonext",
    "https://esm.sh/@supabase/gotrue-js@^2.56.0?target=denonext": "https://esm.sh/@supabase/gotrue-js@2.103.3?target=denonext",
    "https://esm.sh/@supabase/node-fetch@^2.6.14?target=denonext": "https://esm.sh/@supabase/node-fetch@2.6.15?target=denonext",
    "https://esm.sh/@supabase/phoenix@^0.4.0?target=denonext": "https://esm.sh/@supabase/phoenix@0.4.0?target=denonext",
    "https://esm.sh/@supabase/postgrest-js@^1.8.6?target=denonext": "https://esm.sh/@supabase/postgrest-js@1.21.4?target=denonext",
    "https://esm.sh/@supabase/realtime-js@^2.8.4?target=denonext": "https://esm.sh/@supabase/realtime-js@2.103.3?target=denonext",
    "https://esm.sh/@supabase/storage-js@^2.5.4?target=denonext": "https://esm.sh/@supabase/storage-js@2.103.3?target=denonext",
    "https://esm.sh/iceberg-js@^0.8.1?target=denonext": "https://esm.sh/iceberg-js@0.8.1?target=denonext",
    "https://esm.sh/tr46@~0.0.3?target=denonext": "https://esm.sh/tr46@0.0.3?target=denonext",
    "https://esm.sh/webidl-conversions@^3.0.0?target=denonext": "https://esm.sh/webidl-conversions@3.0.1?target=denonext",
    "https://esm.sh/whatwg-url@^5.0.0?target=denonext": "https://esm.sh/whatwg-url@5.0.0?target=denonext"
  },
  "remote": {
    "https://deno.land/std@0.205.0/encoding/_util.ts": "f368920189c4fe6592ab2e93bd7ded8f3065b84f95cd3e036a4a10a75649dcba",
    "https://deno.land/std@0.205.0/encoding/base64.ts": "cc03110d6518170aeaa68ec97f89c6d6e2276294b30807e7332591d7ce2e4b72",
    "https://deno.land/std@0.205.0/encoding/base64url.ts": "7608862858d28a003f9d6cb78dd61e645ecd1ae1f45faf0e09a306eafe66b16e",
    "https://deno.land/x/djwt@v3.0.1/algorithm.ts": "b1c6645f9dbd6e6c47c123a3b18c28b956f91c65ed17f5b6d5d968fc3750542b",
    "https://deno.land/x/djwt@v3.0.1/deps.ts": "c8b329dc18c54f93879699ffb728bd805d548f7c64c4d2916efa5fb2c712cc47",
    "https://deno.land/x/djwt@v3.0.1/mod.ts": "eca176976595654b8a536e7b8029a029c435d079ef58feff2d3bde33ea107417",
    "https://deno.land/x/djwt@v3.0.1/signature.ts": "a5649368a4b433b2810e7d47f53661fe3b0f7fe1778cb49234ceae3d6e861185",
    "https://deno.land/x/djwt@v3.0.1/util.ts": "5cb264d2125c553678e11446bcfa0494025d120e3f59d0a3ab38f6800def697d",
    "https://esm.sh/@supabase/functions-js@2.103.3/denonext/functions-js.mjs": "e60163a997b70c62dcfed1c1a33d2663a15177f4726b1c42a394f434f1d95f9e",
    "https://esm.sh/@supabase/functions-js@2.103.3?target=denonext": "cdc25b479473d4b9475aed4b1838522badff06d322c869fc8d081d12547a5e36",
    "https://esm.sh/@supabase/gotrue-js@2.103.3/denonext/gotrue-js.mjs": "952afcb18389170f18cee6ee96b26490abc5eb4219311d35747bb19e152d0811",
    "https://esm.sh/@supabase/gotrue-js@2.103.3?target=denonext": "a219243d3ab03ed670d1281ec652b5e2d649ad9ec74a11c3d2c22bdec60c2dce",
    "https://esm.sh/@supabase/node-fetch@2.6.15/denonext/node-fetch.mjs": "0bae9052231f4f6dbccc7234d05ea96923dbf967be12f402764580b6bf9f713d",
    "https://esm.sh/@supabase/node-fetch@2.6.15?target=denonext": "4d28c4ad97328403184353f68434f2b6973971507919e9150297413664919cf3",
    "https://esm.sh/@supabase/phoenix@0.4.0/denonext/phoenix.mjs": "d9187057b2e3276d1110b9d814f737d4f8eff7f8b2765c4aa6bf7c7c30d070c9",
    "https://esm.sh/@supabase/phoenix@0.4.0?target=denonext": "c1df3cfcdcf13e9cfddf86181efbdd8d4099b9a2682188b74106596277a69d16",
    "https://esm.sh/@supabase/postgrest-js@1.21.4/denonext/postgrest-js.mjs": "c3769b11ef02debc78ecf6ab4e152d3cf7dbd05bbbafeb72c160e76cc57cda3c",
    "https://esm.sh/@supabase/postgrest-js@1.21.4?target=denonext": "db2315bc0ff19690cd4239c5adb5f5787f5dea04955058ef1fca541d49555ed6",
    "https://esm.sh/@supabase/realtime-js@2.103.3/denonext/realtime-js.mjs": "11042afb894b6eda6f2213b7d4d261445ddc28607ada9925c3a705259a537075",
    "https://esm.sh/@supabase/realtime-js@2.103.3?target=denonext": "96334bccf66831fcee9757423e29e61447f18b2de1c17e9f908176763afe2fe5",
    "https://esm.sh/@supabase/storage-js@2.103.3/denonext/storage-js.mjs": "593705d072aacb29d8b328cf1eaadf0639e0b7000564a571142b16b3b7344345",
    "https://esm.sh/@supabase/storage-js@2.103.3?target=denonext": "382c292d879784a439a30223f89f27d6be29a466c4111ee9bf815325207af608",
    "https://esm.sh/@supabase/supabase-js@2.39.0": "f51aeb2dbf8f67c8fa396628af45793e3513067d45705f1ea158f5c678bb0cea",
    "https://esm.sh/@supabase/supabase-js@2.39.0/denonext/supabase-js.mjs": "11e53e706626aa625a6c6dbe6a9a8a6dc6d66a0827cd43507f3a98a0a538ae3c",
    "https://esm.sh/iceberg-js@0.8.1/denonext/iceberg-js.mjs": "d839d81a2e3966500ca2cdd0c1cb458e9608bacfc91f7bb67a69b2e878dcdb4f",
    "https://esm.sh/iceberg-js@0.8.1?target=denonext": "58c849d7fe2bf4eca4a84eb501e83c161a7d8c34ca1bec15a962b3bec3062633",
    "https://esm.sh/tr46@0.0.3/denonext/tr46.mjs": "5753ec0a99414f4055f0c1f97691100f13d88e48a8443b00aebb90a512785fa2",
    "https://esm.sh/tr46@0.0.3?target=denonext": "19cb9be0f0d418a0c3abb81f2df31f080e9540a04e43b0f699bce1149cba0cbb",
    "https://esm.sh/tslib@2.8.1/denonext/tslib.mjs": "c38da5dd6da6281964435002ce204cd586634fe3bdfb24a0ee116f48cf3292e9",
    "https://esm.sh/webidl-conversions@3.0.1/denonext/webidl-conversions.mjs": "238cd0743827707cbc1c2d7c2cf1027dbc536fb53ec9a3fde0ff8026a3ac5385",
    "https://esm.sh/webidl-conversions@3.0.1?target=denonext": "4e20318d50528084616c79d7b3f6e7f0fe7b6d09013bd01b3974d7448d767e29",
    "https://esm.sh/whatwg-url@5.0.0/denonext/whatwg-url.mjs": "29b16d74ee72624c915745bbd25b617cfd2248c6af0f5120d131e232a9a9af79",
    "https://esm.sh/whatwg-url@5.0.0?target=denonext": "f001a2cadf81312d214ca330033f474e74d81a003e21e8c5d70a1f46dc97b02d"
  },
  "workspace": {
    "packageJson": {
      "dependencies": [
        "npm:@jsr/supabase__supabase-js@^2.49.8",
        "npm:@radix-ui/react-accordion@^1.2.3",
        "npm:@radix-ui/react-alert-dialog@^1.1.6",
        "npm:@radix-ui/react-aspect-ratio@^1.1.2",
        "npm:@radix-ui/react-avatar@^1.1.3",
        "npm:@radix-ui/react-checkbox@^1.1.4",
        "npm:@radix-ui/react-collapsible@^1.1.3",
        "npm:@radix-ui/react-context-menu@^2.2.6",
        "npm:@radix-ui/react-dialog@^1.1.6",
        "npm:@radix-ui/react-dropdown-menu@^2.1.6",
        "npm:@radix-ui/react-hover-card@^1.1.6",
        "npm:@radix-ui/react-label@^2.1.2",
        "npm:@radix-ui/react-menubar@^1.1.6",
        "npm:@radix-ui/react-navigation-menu@^1.2.5",
        "npm:@radix-ui/react-popover@^1.1.6",
        "npm:@radix-ui/react-progress@^1.1.2",
        "npm:@radix-ui/react-radio-group@^1.2.3",
        "npm:@radix-ui/react-scroll-area@^1.2.3",
        "npm:@radix-ui/react-select@^2.1.6",
        "npm:@radix-ui/react-separator@^1.1.2",
        "npm:@radix-ui/react-slider@^1.2.3",
        "npm:@radix-ui/react-slot@^1.1.2",
        "npm:@radix-ui/react-switch@^1.1.3",
        "npm:@radix-ui/react-tabs@^1.1.3",
        "npm:@radix-ui/react-toggle-group@^1.1.2",
        "npm:@radix-ui/react-toggle@^1.1.2",
        "npm:@radix-ui/react-tooltip@^1.1.8",
        "npm:@supabase/supabase-js@*",
        "npm:@types/node@^20.10.0",
        "npm:@types/qrcode@^1.5.6",
        "npm:@types/react-dom@^19.2.3",
        "npm:@types/react@^19.2.10",
        "npm:@vitejs/plugin-react-swc@^3.10.2",
        "npm:class-variance-authority@~0.7.1",
        "npm:clsx@*",
        "npm:cmdk@^1.1.1",
        "npm:embla-carousel-react@^8.6.0",
        "npm:input-otp@^1.4.2",
        "npm:lucide-react@0.487",
        "npm:next-themes@~0.4.6",
        "npm:qrcode@^1.5.4",
        "npm:react-day-picker@^8.10.1",
        "npm:react-dom@^18.3.1",
        "npm:react-hook-form@^7.55.0",
        "npm:react-resizable-panels@^2.1.7",
        "npm:react@^18.3.1",
        "npm:recharts@^2.15.2",
        "npm:sonner@^2.0.3",
        "npm:tailwind-merge@*",
        "npm:vaul@^1.1.2",
        "npm:vite@6.3.5",
        "npm:xlsx@~0.18.5"
      ]
    }
  }
}
